
Microsoft Visual Studio Solution File, Format Version 12.00
# Visual Studio Version 16
VisualStudioVersion = 16.0.30225.117
MinimumVisualStudioVersion = 10.0.40219.1
Project("{FAE04EC0-301F-11D3-BF4B-00C04F79EFBC}") = "StarTools", "StarTools\StarTools.csproj", "{53841EE9-2AEA-4111-B28C-CEAB47FADD53}"
EndProject
Global
	GlobalSection(SolutionConfigurationPlatforms) = preSolution
		Debug|Any CPU = Debug|Any CPU
		Release|Any CPU = Release|Any CPU
	EndGlobalSection
	GlobalSection(ProjectConfigurationPlatforms) = postSolution
		{53841EE9-2AEA-4111-B28C-CEAB47FADD53}.Debug|Any CPU.ActiveCfg = Debug|Any CPU
		{53841EE9-2AEA-4111-B28C-CEAB47FADD53}.Debug|Any CPU.Build.0 = Debug|Any CPU
		{53841EE9-2AEA-4111-B28C-CEAB47FADD53}.Release|Any CPU.ActiveCfg = Release|Any CPU
		{53841EE9-2AEA-4111-B28C-CEAB47FADD53}.Release|Any CPU.Build.0 = Release|Any CPU
	EndGlobalSection
	GlobalSection(SolutionProperties) = preSolution
		HideSolutionNode = FALSE
	EndGlobalSection
	GlobalSection(ExtensibilityGlobals) = postSolution
		SolutionGuid = {5C3277B2-1420-4B1F-B4DE-C6BE31E1A05F}
	EndGlobalSection
EndGlobal
